# @generated by Move, please check-in and do not edit manually.

[move]
version = 0
manifest_digest = "60B37AA587CF21C1521DBCA3D696A1BC86D6498984D6A1B3165FA684B682D393"
deps_digest = "F8CUFEJSVBB345VB344RFFV34345V43VRFRWSA4ACD77214D37ECA3F3082"

dependencies = [
  { name = "Sui" },
]

[[move.package]]
name = "MoveStdlib"
source = { git = "https://github.com/MystenLabs/sui.git", rev = "framework/devnet", subdir = "crates/sui-framework/packages/move-stdlib" }

[[move.package]]
name = "Sui"
source = { git = "https://github.com/MystenLabs/sui.git", rev = "framework/devnet", subdir = "crates/sui-framework/packages/sui-framework" }

dependencies = [
  { name = "MoveStdlib" },
]

[move.toolchain-version]
compiler-version = "1.24.0"
edition = "2024.beta"
flavor = "sui"
